
Microsoft Visual Studio Solution File, Format Version 12.00
# Visual Studio Version 17
VisualStudioVersion = 17.5.33502.453
MinimumVisualStudioVersion = 10.0.40219.1
Project("{FAE04EC0-301F-11D3-BF4B-00C04F79EFBC}") = "SessionThree.Android", "SessionThree\SessionThree.Android\SessionThree.Android.csproj", "{1D9D567A-FBD2-41E7-9E02-F5FC5099C5F7}"
EndProject
Project("{FAE04EC0-301F-11D3-BF4B-00C04F79EFBC}") = "SessionThree", "SessionThree\SessionThree\SessionThree.csproj", "{67F9C471-36BA-4BDB-B7B4-EF43E87DDD4E}"
EndProject
Global
	GlobalSection(SolutionConfigurationPlatforms) = preSolution
		Debug|Any CPU = Debug|Any CPU
		Release|Any CPU = Release|Any CPU
	EndGlobalSection
	GlobalSection(ProjectConfigurationPlatforms) = postSolution
		{1D9D567A-FBD2-41E7-9E02-F5FC5099C5F7}.Debug|Any CPU.ActiveCfg = Debug|Any CPU
		{1D9D567A-FBD2-41E7-9E02-F5FC5099C5F7}.Debug|Any CPU.Build.0 = Debug|Any CPU
		{1D9D567A-FBD2-41E7-9E02-F5FC5099C5F7}.Debug|Any CPU.Deploy.0 = Debug|Any CPU
		{1D9D567A-FBD2-41E7-9E02-F5FC5099C5F7}.Release|Any CPU.ActiveCfg = Release|Any CPU
		{1D9D567A-FBD2-41E7-9E02-F5FC5099C5F7}.Release|Any CPU.Build.0 = Release|Any CPU
		{1D9D567A-FBD2-41E7-9E02-F5FC5099C5F7}.Release|Any CPU.Deploy.0 = Release|Any CPU
		{67F9C471-36BA-4BDB-B7B4-EF43E87DDD4E}.Debug|Any CPU.ActiveCfg = Debug|Any CPU
		{67F9C471-36BA-4BDB-B7B4-EF43E87DDD4E}.Debug|Any CPU.Build.0 = Debug|Any CPU
		{67F9C471-36BA-4BDB-B7B4-EF43E87DDD4E}.Debug|Any CPU.Deploy.0 = Debug|Any CPU
		{67F9C471-36BA-4BDB-B7B4-EF43E87DDD4E}.Release|Any CPU.ActiveCfg = Release|Any CPU
		{67F9C471-36BA-4BDB-B7B4-EF43E87DDD4E}.Release|Any CPU.Build.0 = Release|Any CPU
		{67F9C471-36BA-4BDB-B7B4-EF43E87DDD4E}.Release|Any CPU.Deploy.0 = Release|Any CPU
	EndGlobalSection
	GlobalSection(SolutionProperties) = preSolution
		HideSolutionNode = FALSE
	EndGlobalSection
	GlobalSection(ExtensibilityGlobals) = postSolution
		SolutionGuid = {BB687682-C1DC-4F2C-A25B-7A5D0DE8E1E3}
	EndGlobalSection
EndGlobal
